# @generated - this file is auto-generated by `mise lock` https://mise.jdx.dev/dev-tools/mise-lock.html

lockfile_version = 1

[[tools."aqua:yarnpkg/berry"]]
version = "4.18.0"
backend = "aqua:yarnpkg/berry"
specifiers = ["4.18.0"]

[tools."aqua:yarnpkg/berry"."platforms.linux-arm64"]
checksum = "blake3:6b5fe0bc6105452f663d5a15ee03574caab7ac642f0400266273d0b9562c9dc4"
url = "https://repo.yarnpkg.com/4.18.0/packages/yarnpkg-cli/bin/yarn.js"

[tools."aqua:yarnpkg/berry"."platforms.linux-arm64-musl"]
checksum = "blake3:6b5fe0bc6105452f663d5a15ee03574caab7ac642f0400266273d0b9562c9dc4"
url = "https://repo.yarnpkg.com/4.18.0/packages/yarnpkg-cli/bin/yarn.js"

[tools."aqua:yarnpkg/berry"."platforms.linux-x64"]
checksum = "blake3:6b5fe0bc6105452f663d5a15ee03574caab7ac642f0400266273d0b9562c9dc4"
url = "https://repo.yarnpkg.com/4.18.0/packages/yarnpkg-cli/bin/yarn.js"

[tools."aqua:yarnpkg/berry"."platforms.linux-x64-musl"]
checksum = "blake3:6b5fe0bc6105452f663d5a15ee03574caab7ac642f0400266273d0b9562c9dc4"
url = "https://repo.yarnpkg.com/4.18.0/packages/yarnpkg-cli/bin/yarn.js"

[tools."aqua:yarnpkg/berry"."platforms.macos-arm64"]
checksum = "blake3:6b5fe0bc6105452f663d5a15ee03574caab7ac642f0400266273d0b9562c9dc4"
url = "https://repo.yarnpkg.com/4.18.0/packages/yarnpkg-cli/bin/yarn.js"

[tools."aqua:yarnpkg/berry"."platforms.macos-x64"]
checksum = "blake3:6b5fe0bc6105452f663d5a15ee03574caab7ac642f0400266273d0b9562c9dc4"
url = "https://repo.yarnpkg.com/4.18.0/packages/yarnpkg-cli/bin/yarn.js"

[tools."aqua:yarnpkg/berry"."platforms.windows-x64"]
checksum = "blake3:6b5fe0bc6105452f663d5a15ee03574caab7ac642f0400266273d0b9562c9dc4"
url = "https://repo.yarnpkg.com/4.18.0/packages/yarnpkg-cli/bin/yarn.js"

[[tools.node]]
version = "24.15.0"
backend = "core:node"
specifiers = ["24.15.0"]

[tools.node."platforms.linux-arm64"]
checksum = "sha256:73afc234d558c24919875f51c2d1ea002a2ada4ea6f83601a383869fefa64eed"
url = "https://nodejs.org/dist/v24.15.0/node-v24.15.0-linux-arm64.tar.gz"

[tools.node."platforms.linux-arm64-musl"]
checksum = "sha256:31e98aa960a067da91edffd5d93bc46657b5d2a8029612c359f5f2ac0060152a"
url = "https://unofficial-builds.nodejs.org/download/release/v24.15.0/node-v24.15.0-linux-arm64-musl.tar.gz"

[tools.node."platforms.linux-x64"]
checksum = "sha256:44836872d9aec49f1e6b52a9a922872db9a2b02d235a616a5681b6a85fec8d89"
url = "https://nodejs.org/dist/v24.15.0/node-v24.15.0-linux-x64.tar.gz"

[tools.node."platforms.linux-x64-musl"]
checksum = "sha256:f55af5bd489c5347b113ca6594cae00a54b30ba57ac5875324311bfc6f4762e3"
url = "https://unofficial-builds.nodejs.org/download/release/v24.15.0/node-v24.15.0-linux-x64-musl.tar.gz"

[tools.node."platforms.macos-arm64"]
checksum = "sha256:372331b969779ab5d15b949884fc6eaf88d5afe87bde8ba881d6400b9100ffc4"
url = "https://nodejs.org/dist/v24.15.0/node-v24.15.0-darwin-arm64.tar.gz"

[tools.node."platforms.macos-x64"]
checksum = "sha256:ffd5ee293467927f3ee731a553eb88fd1f48cf74eebc2d74a6babe4af228673b"
url = "https://nodejs.org/dist/v24.15.0/node-v24.15.0-darwin-x64.tar.gz"

[tools.node."platforms.windows-x64"]
checksum = "sha256:cc5149eabd53779ce1e7bdc5401643622d0c7e6800ade18928a767e940bb0e62"
url = "https://nodejs.org/dist/v24.15.0/node-v24.15.0-win-x64.zip"
